
Microsoft Visual Studio Solution File, Format Version 10.00
# Visual Studio 2008
Project("{8BC9CEB8-8B4A-11D0-8D11-00A0C91BC942}") = "Simulacao", "Simulacao.vcproj", "{214465DC-922D-3E89-BDC8-F6C0E7736415}"
EndProject
Project("{8BC9CEB8-8B4A-11D0-8D11-00A0C91BC942}") = "Simulacao_Testes", "Simulacao_Testes\Simulacao_Testes.vcproj", "{783936E9-39B2-46E8-8577-C118213671DD}"
	ProjectSection(ProjectDependencies) = postProject
		{214465DC-922D-3E89-BDC8-F6C0E7736415} = {214465DC-922D-3E89-BDC8-F6C0E7736415}
	EndProjectSection
EndProject
Global
	GlobalSection(SolutionConfigurationPlatforms) = preSolution
		Debug_PhysX_v2.8.3|Win32 = Debug_PhysX_v2.8.3|Win32
		Release_PhysX_v2.8.3|Win32 = Release_PhysX_v2.8.3|Win32
	EndGlobalSection
	GlobalSection(ProjectConfigurationPlatforms) = postSolution
		{214465DC-922D-3E89-BDC8-F6C0E7736415}.Debug_PhysX_v2.8.3|Win32.ActiveCfg = Debug_PhysX_v2.8.3|Win32
		{214465DC-922D-3E89-BDC8-F6C0E7736415}.Debug_PhysX_v2.8.3|Win32.Build.0 = Debug_PhysX_v2.8.3|Win32
		{214465DC-922D-3E89-BDC8-F6C0E7736415}.Release_PhysX_v2.8.3|Win32.ActiveCfg = Release_PhysX_v2.8.3|Win32
		{214465DC-922D-3E89-BDC8-F6C0E7736415}.Release_PhysX_v2.8.3|Win32.Build.0 = Release_PhysX_v2.8.3|Win32
		{783936E9-39B2-46E8-8577-C118213671DD}.Debug_PhysX_v2.8.3|Win32.ActiveCfg = Debug|Win32
		{783936E9-39B2-46E8-8577-C118213671DD}.Release_PhysX_v2.8.3|Win32.ActiveCfg = Release|Win32
	EndGlobalSection
	GlobalSection(SolutionProperties) = preSolution
		HideSolutionNode = FALSE
	EndGlobalSection
EndGlobal
